
Microsoft Visual Studio Solution File, Format Version 9.00
# Visual Studio 2005
Project("{8BC9CEB8-8B4A-11D0-8D11-00A0C91BC942}") = "nprt3_2005", "nprt\nprt2_2005.vcproj", "{5CA7B367-9EF1-4450-ADEB-A54782DB1407}"
EndProject
Project("{8BC9CEB8-8B4A-11D0-8D11-00A0C91BC942}") = "jnicall_2005", "jnicall_2005\jnicall_2005.vcproj", "{3DF591A1-77AB-479B-B336-1328A72D2697}"
EndProject
Global
	GlobalSection(SolutionConfigurationPlatforms) = preSolution
		Debug|Any CPU = Debug|Any CPU
		Debug|Mixed Platforms = Debug|Mixed Platforms
		Debug|Win32 = Debug|Win32
		Release|Any CPU = Release|Any CPU
		Release|Mixed Platforms = Release|Mixed Platforms
		Release|Win32 = Release|Win32
	EndGlobalSection
	GlobalSection(ProjectConfigurationPlatforms) = postSolution
		{5CA7B367-9EF1-4450-ADEB-A54782DB1407}.Debug|Any CPU.ActiveCfg = Debug|Win32
		{5CA7B367-9EF1-4450-ADEB-A54782DB1407}.Debug|Mixed Platforms.ActiveCfg = Debug|Win32
		{5CA7B367-9EF1-4450-ADEB-A54782DB1407}.Debug|Mixed Platforms.Build.0 = Debug|Win32
		{5CA7B367-9EF1-4450-ADEB-A54782DB1407}.Debug|Win32.ActiveCfg = Debug|Win32
		{5CA7B367-9EF1-4450-ADEB-A54782DB1407}.Debug|Win32.Build.0 = Debug|Win32
		{5CA7B367-9EF1-4450-ADEB-A54782DB1407}.Release|Any CPU.ActiveCfg = Release|Win32
		{5CA7B367-9EF1-4450-ADEB-A54782DB1407}.Release|Mixed Platforms.ActiveCfg = Release|Win32
		{5CA7B367-9EF1-4450-ADEB-A54782DB1407}.Release|Mixed Platforms.Build.0 = Release|Win32
		{5CA7B367-9EF1-4450-ADEB-A54782DB1407}.Release|Win32.ActiveCfg = Release|Win32
		{5CA7B367-9EF1-4450-ADEB-A54782DB1407}.Release|Win32.Build.0 = Release|Win32
		{3DF591A1-77AB-479B-B336-1328A72D2697}.Debug|Any CPU.ActiveCfg = Debug|Win32
		{3DF591A1-77AB-479B-B336-1328A72D2697}.Debug|Mixed Platforms.ActiveCfg = Debug|Win32
		{3DF591A1-77AB-479B-B336-1328A72D2697}.Debug|Mixed Platforms.Build.0 = Debug|Win32
		{3DF591A1-77AB-479B-B336-1328A72D2697}.Debug|Win32.ActiveCfg = Debug|Win32
		{3DF591A1-77AB-479B-B336-1328A72D2697}.Debug|Win32.Build.0 = Debug|Win32
		{3DF591A1-77AB-479B-B336-1328A72D2697}.Release|Any CPU.ActiveCfg = Release|Win32
		{3DF591A1-77AB-479B-B336-1328A72D2697}.Release|Mixed Platforms.ActiveCfg = Release|Win32
		{3DF591A1-77AB-479B-B336-1328A72D2697}.Release|Mixed Platforms.Build.0 = Release|Win32
		{3DF591A1-77AB-479B-B336-1328A72D2697}.Release|Win32.ActiveCfg = Release|Win32
		{3DF591A1-77AB-479B-B336-1328A72D2697}.Release|Win32.Build.0 = Release|Win32
	EndGlobalSection
	GlobalSection(SolutionProperties) = preSolution
		HideSolutionNode = FALSE
	EndGlobalSection
EndGlobal
